
Microsoft Visual Studio Solution File, Format Version 12.00
# Visual Studio Version 17
VisualStudioVersion = 17.7.34202.233
MinimumVisualStudioVersion = 10.0.40219.1
Project("{FAE04EC0-301F-11D3-BF4B-00C04F79EFBC}") = "docker_cicd", "docker_cicd.csproj", "{E6CFA200-B922-4953-A81E-CFCA7C704634}"
EndProject
Global
	GlobalSection(SolutionConfigurationPlatforms) = preSolution
		Debug|Any CPU = Debug|Any CPU
		Release|Any CPU = Release|Any CPU
	EndGlobalSection
	GlobalSection(ProjectConfigurationPlatforms) = postSolution
		{E6CFA200-B922-4953-A81E-CFCA7C704634}.Debug|Any CPU.ActiveCfg = Debug|Any CPU
		{E6CFA200-B922-4953-A81E-CFCA7C704634}.Debug|Any CPU.Build.0 = Debug|Any CPU
		{E6CFA200-B922-4953-A81E-CFCA7C704634}.Release|Any CPU.ActiveCfg = Release|Any CPU
		{E6CFA200-B922-4953-A81E-CFCA7C704634}.Release|Any CPU.Build.0 = Release|Any CPU
	EndGlobalSection
	GlobalSection(SolutionProperties) = preSolution
		HideSolutionNode = FALSE
	EndGlobalSection
	GlobalSection(ExtensibilityGlobals) = postSolution
		SolutionGuid = {A886AC52-62D0-495E-8073-53AC78255E3D}
	EndGlobalSection
EndGlobal
